
Microsoft Visual Studio Solution File, Format Version 12.00
# Visual Studio Version 17
VisualStudioVersion = 17.8.34511.84
MinimumVisualStudioVersion = 10.0.40219.1
Project("{FAE04EC0-301F-11D3-BF4B-00C04F79EFBC}") = "DMScreen", "DMScreen.csproj", "{47969B21-50D9-4591-9EFC-50352754B7A4}"
EndProject
Global
	GlobalSection(SolutionConfigurationPlatforms) = preSolution
		Debug|Any CPU = Debug|Any CPU
		Release|Any CPU = Release|Any CPU
	EndGlobalSection
	GlobalSection(ProjectConfigurationPlatforms) = postSolution
		{47969B21-50D9-4591-9EFC-50352754B7A4}.Debug|Any CPU.ActiveCfg = Debug|Any CPU
		{47969B21-50D9-4591-9EFC-50352754B7A4}.Debug|Any CPU.Build.0 = Debug|Any CPU
		{47969B21-50D9-4591-9EFC-50352754B7A4}.Release|Any CPU.ActiveCfg = Release|Any CPU
		{47969B21-50D9-4591-9EFC-50352754B7A4}.Release|Any CPU.Build.0 = Release|Any CPU
	EndGlobalSection
	GlobalSection(SolutionProperties) = preSolution
		HideSolutionNode = FALSE
	EndGlobalSection
	GlobalSection(ExtensibilityGlobals) = postSolution
		SolutionGuid = {935C339F-293D-4A03-9085-8FE093234597}
	EndGlobalSection
EndGlobal
